
Microsoft Visual Studio Solution File, Format Version 12.00
# Visual Studio Version 16
VisualStudioVersion = 16.0.29102.190
MinimumVisualStudioVersion = 10.0.40219.1
Project("{FAE04EC0-301F-11D3-BF4B-00C04F79EFBC}") = "Cistern.Linq", "Cistern.Linq\Cistern.Linq.csproj", "{14E0556F-C9F4-4374-A300-C3E08DA728D9}"
EndProject
Global
	GlobalSection(SolutionConfigurationPlatforms) = preSolution
		Debug|Any CPU = Debug|Any CPU
		Release|Any CPU = Release|Any CPU
	EndGlobalSection
	GlobalSection(ProjectConfigurationPlatforms) = postSolution
		{14E0556F-C9F4-4374-A300-C3E08DA728D9}.Debug|Any CPU.ActiveCfg = Debug|Any CPU
		{14E0556F-C9F4-4374-A300-C3E08DA728D9}.Debug|Any CPU.Build.0 = Debug|Any CPU
		{14E0556F-C9F4-4374-A300-C3E08DA728D9}.Release|Any CPU.ActiveCfg = Release|Any CPU
		{14E0556F-C9F4-4374-A300-C3E08DA728D9}.Release|Any CPU.Build.0 = Release|Any CPU
	EndGlobalSection
	GlobalSection(SolutionProperties) = preSolution
		HideSolutionNode = FALSE
	EndGlobalSection
	GlobalSection(ExtensibilityGlobals) = postSolution
		SolutionGuid = {0F79FD9A-3861-4221-80D4-F39CF37CD3F3}
	EndGlobalSection
EndGlobal
